// !$*UTF8*$!
{
	archiveVersion = 1;
	classes = {
	};
	objectVersion = 55;
	objects = {

/* Begin PBXBuildFile section */
		6F183DA228EBD34F00A064C2 /* AppDelegate.swift in Sources */ = {isa = PBXBuildFile; fileRef = 6F183DA128EBD34F00A064C2 /* AppDelegate.swift */; };
		6F183DA428EBD34F00A064C2 /* SceneDelegate.swift in Sources */ = {isa = PBXBuildFile; fileRef = 6F183DA328EBD34F00A064C2 /* SceneDelegate.swift */; };
		6F183DA628EBD34F00A064C2 /* ViewController.swift in Sources */ = {isa = PBXBuildFile; fileRef = 6F183DA528EBD34F00A064C2 /* ViewController.swift */; };
		6F183DA928EBD34F00A064C2 /* Main.storyboard in Resources */ = {isa = PBXBuildFile; fileRef = 6F183DA728EBD34F00A064C2 /* Main.storyboard */; };
		6F183DAB28EBD35400A064C2 /* Assets.xcassets in Resources */ = {isa = PBXBuildFile; fileRef = 6F183DAA28EBD35400A064C2 /* Assets.xcassets */; };
		6F183DAE28EBD35400A064C2 /* LaunchScreen.storyboard in Resources */ = {isa = PBXBuildFile; fileRef = 6F183DAC28EBD35400A064C2 /* LaunchScreen.storyboard */; };
		6F183DB628EC07FA00A064C2 /* FeedItem.swift in Sources */ = {isa = PBXBuildFile; fileRef = 6F183DB528EC07FA00A064C2 /* FeedItem.swift */; };
		6F183DCC28F53FF800A064C2 /* LoginViewController.swift in Sources */ = {isa = PBXBuildFile; fileRef = 6F183DCB28F53FF800A064C2 /* LoginViewController.swift */; };
		6F183DCE28F554BD00A064C2 /* MyTabBarController.swift in Sources */ = {isa = PBXBuildFile; fileRef = 6F183DCD28F554BD00A064C2 /* MyTabBarController.swift */; };
		6F20F63E2902A3D100D1029E /* FirstCollectionView.swift in Sources */ = {isa = PBXBuildFile; fileRef = 6F20F63D2902A3D100D1029E /* FirstCollectionView.swift */; };
		6F3035E22907B7FE0011E385 /* SecondCollectionView.swift in Sources */ = {isa = PBXBuildFile; fileRef = 6F3035E12907B7FE0011E385 /* SecondCollectionView.swift */; };
		6F3036052907CA4C0011E385 /* HomeTableView.swift in Sources */ = {isa = PBXBuildFile; fileRef = 6F3036042907CA4C0011E385 /* HomeTableView.swift */; };
		6FA68C2C2902398400133FF1 /* FeedTableView.swift in Sources */ = {isa = PBXBuildFile; fileRef = 6FA68C2B2902398400133FF1 /* FeedTableView.swift */; };
		6FBEE510290B7C0C0089406C /* MenuTableViewCell.swift in Sources */ = {isa = PBXBuildFile; fileRef = 6FBEE50E290B7C0C0089406C /* MenuTableViewCell.swift */; };
		6FBEE511290B7C0C0089406C /* MenuTableViewCell.xib in Resources */ = {isa = PBXBuildFile; fileRef = 6FBEE50F290B7C0C0089406C /* MenuTableViewCell.xib */; };
		6FBEE515290B82CD0089406C /* MenuCollectionViewCell.swift in Sources */ = {isa = PBXBuildFile; fileRef = 6FBEE513290B82CD0089406C /* MenuCollectionViewCell.swift */; };
		6FBEE516290B82CD0089406C /* MenuCollectionViewCell.xib in Resources */ = {isa = PBXBuildFile; fileRef = 6FBEE514290B82CD0089406C /* MenuCollectionViewCell.xib */; };
		6FBEE519290B84E70089406C /* SearchTableViewCell.swift in Sources */ = {isa = PBXBuildFile; fileRef = 6FBEE517290B84E70089406C /* SearchTableViewCell.swift */; };
		6FBEE51A290B84E70089406C /* SearchTableViewCell.xib in Resources */ = {isa = PBXBuildFile; fileRef = 6FBEE518290B84E70089406C /* SearchTableViewCell.xib */; };
		6FBEE51F290B87D40089406C /* Collection1TableViewCell.swift in Sources */ = {isa = PBXBuildFile; fileRef = 6FBEE51D290B87D40089406C /* Collection1TableViewCell.swift */; };
		6FBEE520290B87D40089406C /* Collection1TableViewCell.xib in Resources */ = {isa = PBXBuildFile; fileRef = 6FBEE51E290B87D40089406C /* Collection1TableViewCell.xib */; };
		6FBEE522290B88CD0089406C /* MenuCollectionView.swift in Sources */ = {isa = PBXBuildFile; fileRef = 6FBEE521290B88CD0089406C /* MenuCollectionView.swift */; };
		6FBEE525290B8A580089406C /* FirstCollectionViewCell.swift in Sources */ = {isa = PBXBuildFile; fileRef = 6FBEE523290B8A580089406C /* FirstCollectionViewCell.swift */; };
		6FBEE526290B8A580089406C /* FirstCollectionViewCell.xib in Resources */ = {isa = PBXBuildFile; fileRef = 6FBEE524290B8A580089406C /* FirstCollectionViewCell.xib */; };
		6FBEE52A290B8CC20089406C /* FeedLabelTableViewCell.swift in Sources */ = {isa = PBXBuildFile; fileRef = 6FBEE528290B8CC20089406C /* FeedLabelTableViewCell.swift */; };
		6FBEE52B290B8CC20089406C /* FeedLabelTableViewCell.xib in Resources */ = {isa = PBXBuildFile; fileRef = 6FBEE529290B8CC20089406C /* FeedLabelTableViewCell.xib */; };
		6FBEE52F290B8E3D0089406C /* Collection2TableViewCell.swift in Sources */ = {isa = PBXBuildFile; fileRef = 6FBEE52D290B8E3D0089406C /* Collection2TableViewCell.swift */; };
		6FBEE530290B8E3D0089406C /* Collection2TableViewCell.xib in Resources */ = {isa = PBXBuildFile; fileRef = 6FBEE52E290B8E3D0089406C /* Collection2TableViewCell.xib */; };
		6FBEE533290B8F7C0089406C /* SecondCollectionViewCell.swift in Sources */ = {isa = PBXBuildFile; fileRef = 6FBEE531290B8F7C0089406C /* SecondCollectionViewCell.swift */; };
		6FBEE534290B8F7C0089406C /* SecondCollectionViewCell.xib in Resources */ = {isa = PBXBuildFile; fileRef = 6FBEE532290B8F7C0089406C /* SecondCollectionViewCell.xib */; };
		6FBEE53C290B91230089406C /* FeedTableViewCell.swift in Sources */ = {isa = PBXBuildFile; fileRef = 6FBEE53A290B91230089406C /* FeedTableViewCell.swift */; };
		6FBEE53D290B91230089406C /* FeedTableViewCell.xib in Resources */ = {isa = PBXBuildFile; fileRef = 6FBEE53B290B91230089406C /* FeedTableViewCell.xib */; };
/* End PBXBuildFile section */

/* Begin PBXFileReference section */
		6F183D9E28EBD34F00A064C2 /* Demo.app */ = {isa = PBXFileReference; explicitFileType = wrapper.application; includeInIndex = 0; path = Demo.app; sourceTree = BUILT_PRODUCTS_DIR; };
		6F183DA128EBD34F00A064C2 /* AppDelegate.swift */ = {isa = PBXFileReference; lastKnownFileType = sourcecode.swift; path = AppDelegate.swift; sourceTree = "<group>"; };
		6F183DA328EBD34F00A064C2 /* SceneDelegate.swift */ = {isa = PBXFileReference; lastKnownFileType = sourcecode.swift; path = SceneDelegate.swift; sourceTree = "<group>"; };
		6F183DA528EBD34F00A064C2 /* ViewController.swift */ = {isa = PBXFileReference; lastKnownFileType = sourcecode.swift; path = ViewController.swift; sourceTree = "<group>"; };
		6F183DA828EBD34F00A064C2 /* Base */ = {isa = PBXFileReference; lastKnownFileType = file.storyboard; name = Base; path = Base.lproj/Main.storyboard; sourceTree = "<group>"; };
		6F183DAA28EBD35400A064C2 /* Assets.xcassets */ = {isa = PBXFileReference; lastKnownFileType = folder.assetcatalog; path = Assets.xcassets; sourceTree = "<group>"; };
		6F183DAD28EBD35400A064C2 /* Base */ = {isa = PBXFileReference; lastKnownFileType = file.storyboard; name = Base; path = Base.lproj/LaunchScreen.storyboard; sourceTree = "<group>"; };
		6F183DAF28EBD35400A064C2 /* Info.plist */ = {isa = PBXFileReference; lastKnownFileType = text.plist.xml; path = Info.plist; sourceTree = "<group>"; };
		6F183DB528EC07FA00A064C2 /* FeedItem.swift */ = {isa = PBXFileReference; lastKnownFileType = sourcecode.swift; path = FeedItem.swift; sourceTree = "<group>"; };
		6F183DCB28F53FF800A064C2 /* LoginViewController.swift */ = {isa = PBXFileReference; lastKnownFileType = sourcecode.swift; path = LoginViewController.swift; sourceTree = "<group>"; };
		6F183DCD28F554BD00A064C2 /* MyTabBarController.swift */ = {isa = PBXFileReference; lastKnownFileType = sourcecode.swift; path = MyTabBarController.swift; sourceTree = "<group>"; };
		6F20F63D2902A3D100D1029E /* FirstCollectionView.swift */ = {isa = PBXFileReference; lastKnownFileType = sourcecode.swift; path = FirstCollectionView.swift; sourceTree = "<group>"; };
		6F3035E12907B7FE0011E385 /* SecondCollectionView.swift */ = {isa = PBXFileReference; lastKnownFileType = sourcecode.swift; path = SecondCollectionView.swift; sourceTree = "<group>"; };
		6F3036042907CA4C0011E385 /* HomeTableView.swift */ = {isa = PBXFileReference; lastKnownFileType = sourcecode.swift; path = HomeTableView.swift; sourceTree = "<group>"; };
		6FA68C2B2902398400133FF1 /* FeedTableView.swift */ = {isa = PBXFileReference; lastKnownFileType = sourcecode.swift; path = FeedTableView.swift; sourceTree = "<group>"; };
		6FBEE50E290B7C0C0089406C /* MenuTableViewCell.swift */ = {isa = PBXFileReference; lastKnownFileType = sourcecode.swift; path = MenuTableViewCell.swift; sourceTree = "<group>"; };
		6FBEE50F290B7C0C0089406C /* MenuTableViewCell.xib */ = {isa = PBXFileReference; lastKnownFileType = file.xib; path = MenuTableViewCell.xib; sourceTree = "<group>"; };
		6FBEE513290B82CD0089406C /* MenuCollectionViewCell.swift */ = {isa = PBXFileReference; lastKnownFileType = sourcecode.swift; path = MenuCollectionViewCell.swift; sourceTree = "<group>"; };
		6FBEE514290B82CD0089406C /* MenuCollectionViewCell.xib */ = {isa = PBXFileReference; lastKnownFileType = file.xib; path = MenuCollectionViewCell.xib; sourceTree = "<group>"; };
		6FBEE517290B84E70089406C /* SearchTableViewCell.swift */ = {isa = PBXFileReference; lastKnownFileType = sourcecode.swift; path = SearchTableViewCell.swift; sourceTree = "<group>"; };
		6FBEE518290B84E70089406C /* SearchTableViewCell.xib */ = {isa = PBXFileReference; lastKnownFileType = file.xib; path = SearchTableViewCell.xib; sourceTree = "<group>"; };
		6FBEE51D290B87D40089406C /* Collection1TableViewCell.swift */ = {isa = PBXFileReference; lastKnownFileType = sourcecode.swift; path = Collection1TableViewCell.swift; sourceTree = "<group>"; };
		6FBEE51E290B87D40089406C /* Collection1TableViewCell.xib */ = {isa = PBXFileReference; lastKnownFileType = file.xib; path = Collection1TableViewCell.xib; sourceTree = "<group>"; };
		6FBEE521290B88CD0089406C /* MenuCollectionView.swift */ = {isa = PBXFileReference; lastKnownFileType = sourcecode.swift; path = MenuCollectionView.swift; sourceTree = "<group>"; };
		6FBEE523290B8A580089406C /* FirstCollectionViewCell.swift */ = {isa = PBXFileReference; lastKnownFileType = sourcecode.swift; path = FirstCollectionViewCell.swift; sourceTree = "<group>"; };
		6FBEE524290B8A580089406C /* FirstCollectionViewCell.xib */ = {isa = PBXFileReference; lastKnownFileType = file.xib; path = FirstCollectionViewCell.xib; sourceTree = "<group>"; };
		6FBEE528290B8CC20089406C /* FeedLabelTableViewCell.swift */ = {isa = PBXFileReference; lastKnownFileType = sourcecode.swift; path = FeedLabelTableViewCell.swift; sourceTree = "<group>"; };
		6FBEE529290B8CC20089406C /* FeedLabelTableViewCell.xib */ = {isa = PBXFileReference; lastKnownFileType = file.xib; path = FeedLabelTableViewCell.xib; sourceTree = "<group>"; };
		6FBEE52D290B8E3D0089406C /* Collection2TableViewCell.swift */ = {isa = PBXFileReference; lastKnownFileType = sourcecode.swift; path = Collection2TableViewCell.swift; sourceTree = "<group>"; };
		6FBEE52E290B8E3D0089406C /* Collection2TableViewCell.xib */ = {isa = PBXFileReference; lastKnownFileType = file.xib; path = Collection2TableViewCell.xib; sourceTree = "<group>"; };
		6FBEE531290B8F7C0089406C /* SecondCollectionViewCell.swift */ = {isa = PBXFileReference; lastKnownFileType = sourcecode.swift; path = SecondCollectionViewCell.swift; sourceTree = "<group>"; };
		6FBEE532290B8F7C0089406C /* SecondCollectionViewCell.xib */ = {isa = PBXFileReference; lastKnownFileType = file.xib; path = SecondCollectionViewCell.xib; sourceTree = "<group>"; };
		6FBEE53A290B91230089406C /* FeedTableViewCell.swift */ = {isa = PBXFileReference; lastKnownFileType = sourcecode.swift; path = FeedTableViewCell.swift; sourceTree = "<group>"; };
		6FBEE53B290B91230089406C /* FeedTableViewCell.xib */ = {isa = PBXFileReference; lastKnownFileType = file.xib; path = FeedTableViewCell.xib; sourceTree = "<group>"; };
/* End PBXFileReference section */

/* Begin PBXFrameworksBuildPhase section */
		6F183D9B28EBD34F00A064C2 /* Frameworks */ = {
			isa = PBXFrameworksBuildPhase;
			buildActionMask = 2147483647;
			files = (
			);
			runOnlyForDeploymentPostprocessing = 0;
		};
/* End PBXFrameworksBuildPhase section */

/* Begin PBXGroup section */
		6F183D9528EBD34F00A064C2 = {
			isa = PBXGroup;
			children = (
				6F183DA028EBD34F00A064C2 /* Demo */,
				6F183D9F28EBD34F00A064C2 /* Products */,
			);
			sourceTree = "<group>";
		};
		6F183D9F28EBD34F00A064C2 /* Products */ = {
			isa = PBXGroup;
			children = (
				6F183D9E28EBD34F00A064C2 /* Demo.app */,
			);
			name = Products;
			sourceTree = "<group>";
		};
		6F183DA028EBD34F00A064C2 /* Demo */ = {
			isa = PBXGroup;
			children = (
				6F20F6442902A48A00D1029E /* App&Scene */,
				6F183DAC28EBD35400A064C2 /* LaunchScreen.storyboard */,
				6F20F6452902A4C500D1029E /* TabBar */,
				6F20F6402902A43500D1029E /* Login */,
				6F20F63F2902A41500D1029E /* Controller */,
				6F3036032907C9FA0011E385 /* HomeTableView */,
				6F3036102907D7DB0011E385 /* multiple custom cell */,
				6F183DAF28EBD35400A064C2 /* Info.plist */,
				6F183DB528EC07FA00A064C2 /* FeedItem.swift */,
				6F183DAA28EBD35400A064C2 /* Assets.xcassets */,
			);
			path = Demo;
			sourceTree = "<group>";
		};
		6F20F63F2902A41500D1029E /* Controller */ = {
			isa = PBXGroup;
			children = (
				6F183DA728EBD34F00A064C2 /* Main.storyboard */,
				6F183DA528EBD34F00A064C2 /* ViewController.swift */,
			);
			path = Controller;
			sourceTree = "<group>";
		};
		6F20F6402902A43500D1029E /* Login */ = {
			isa = PBXGroup;
			children = (
				6F183DCB28F53FF800A064C2 /* LoginViewController.swift */,
			);
			path = Login;
			sourceTree = "<group>";
		};
		6F20F6412902A44400D1029E /* FeedTableView */ = {
			isa = PBXGroup;
			children = (
				6FA68C2B2902398400133FF1 /* FeedTableView.swift */,
				6FBEE53A290B91230089406C /* FeedTableViewCell.swift */,
				6FBEE53B290B91230089406C /* FeedTableViewCell.xib */,
			);
			path = FeedTableView;
			sourceTree = "<group>";
		};
		6F20F6422902A45800D1029E /* MenuCollectionView */ = {
			isa = PBXGroup;
			children = (
				6FBEE521290B88CD0089406C /* MenuCollectionView.swift */,
				6FBEE513290B82CD0089406C /* MenuCollectionViewCell.swift */,
				6FBEE514290B82CD0089406C /* MenuCollectionViewCell.xib */,
			);
			path = MenuCollectionView;
			sourceTree = "<group>";
		};
		6F20F6432902A47700D1029E /* FirstCollectionView */ = {
			isa = PBXGroup;
			children = (
				6F20F63D2902A3D100D1029E /* FirstCollectionView.swift */,
				6FBEE523290B8A580089406C /* FirstCollectionViewCell.swift */,
				6FBEE524290B8A580089406C /* FirstCollectionViewCell.xib */,
			);
			path = FirstCollectionView;
			sourceTree = "<group>";
		};
		6F20F6442902A48A00D1029E /* App&Scene */ = {
			isa = PBXGroup;
			children = (
				6F183DA128EBD34F00A064C2 /* AppDelegate.swift */,
				6F183DA328EBD34F00A064C2 /* SceneDelegate.swift */,
			);
			path = "App&Scene";
			sourceTree = "<group>";
		};
		6F20F6452902A4C500D1029E /* TabBar */ = {
			isa = PBXGroup;
			children = (
				6F183DCD28F554BD00A064C2 /* MyTabBarController.swift */,
			);
			path = TabBar;
			sourceTree = "<group>";
		};
		6F3035DE2907B78F0011E385 /* SecondCollectionView */ = {
			isa = PBXGroup;
			children = (
				6F3035E12907B7FE0011E385 /* SecondCollectionView.swift */,
				6FBEE531290B8F7C0089406C /* SecondCollectionViewCell.swift */,
				6FBEE532290B8F7C0089406C /* SecondCollectionViewCell.xib */,
			);
			path = SecondCollectionView;
			sourceTree = "<group>";
		};
		6F3036032907C9FA0011E385 /* HomeTableView */ = {
			isa = PBXGroup;
			children = (
				6F3036042907CA4C0011E385 /* HomeTableView.swift */,
			);
			path = HomeTableView;
			sourceTree = "<group>";
		};
		6F3036102907D7DB0011E385 /* multiple custom cell */ = {
			isa = PBXGroup;
			children = (
				6FBEE512290B7C1F0089406C /* Menu */,
				6FBEE51B290B84FC0089406C /* SearchField */,
				6FBEE51C290B87950089406C /* Collection1TableViewCell */,
				6FBEE527290B8C810089406C /* FeedLabelTableViewCell */,
				6FBEE52C290B8E060089406C /* Collection2TableViewCell */,
				6F20F6412902A44400D1029E /* FeedTableView */,
			);
			path = "multiple custom cell";
			sourceTree = "<group>";
		};
		6FBEE512290B7C1F0089406C /* Menu */ = {
			isa = PBXGroup;
			children = (
				6FBEE50E290B7C0C0089406C /* MenuTableViewCell.swift */,
				6FBEE50F290B7C0C0089406C /* MenuTableViewCell.xib */,
				6F20F6422902A45800D1029E /* MenuCollectionView */,
			);
			path = Menu;
			sourceTree = "<group>";
		};
		6FBEE51B290B84FC0089406C /* SearchField */ = {
			isa = PBXGroup;
			children = (
				6FBEE517290B84E70089406C /* SearchTableViewCell.swift */,
				6FBEE518290B84E70089406C /* SearchTableViewCell.xib */,
			);
			path = SearchField;
			sourceTree = "<group>";
		};
		6FBEE51C290B87950089406C /* Collection1TableViewCell */ = {
			isa = PBXGroup;
			children = (
				6FBEE51D290B87D40089406C /* Collection1TableViewCell.swift */,
				6FBEE51E290B87D40089406C /* Collection1TableViewCell.xib */,
				6F20F6432902A47700D1029E /* FirstCollectionView */,
			);
			name = Collection1TableViewCell;
			sourceTree = "<group>";
		};
		6FBEE527290B8C810089406C /* FeedLabelTableViewCell */ = {
			isa = PBXGroup;
			children = (
				6FBEE528290B8CC20089406C /* FeedLabelTableViewCell.swift */,
				6FBEE529290B8CC20089406C /* FeedLabelTableViewCell.xib */,
			);
			path = FeedLabelTableViewCell;
			sourceTree = "<group>";
		};
		6FBEE52C290B8E060089406C /* Collection2TableViewCell */ = {
			isa = PBXGroup;
			children = (
				6FBEE52D290B8E3D0089406C /* Collection2TableViewCell.swift */,
				6FBEE52E290B8E3D0089406C /* Collection2TableViewCell.xib */,
				6F3035DE2907B78F0011E385 /* SecondCollectionView */,
			);
			name = Collection2TableViewCell;
			sourceTree = "<group>";
		};
/* End PBXGroup section */

/* Begin PBXNativeTarget section */
		6F183D9D28EBD34F00A064C2 /* Demo */ = {
			isa = PBXNativeTarget;
			buildConfigurationList = 6F183DB228EBD35400A064C2 /* Build configuration list for PBXNativeTarget "Demo" */;
			buildPhases = (
				6F183D9A28EBD34F00A064C2 /* Sources */,
				6F183D9B28EBD34F00A064C2 /* Frameworks */,
				6F183D9C28EBD34F00A064C2 /* Resources */,
			);
			buildRules = (
			);
			dependencies = (
			);
			name = Demo;
			productName = Demo;
			productReference = 6F183D9E28EBD34F00A064C2 /* Demo.app */;
			productType = "com.apple.product-type.application";
		};
/* End PBXNativeTarget section */

/* Begin PBXProject section */
		6F183D9628EBD34F00A064C2 /* Project object */ = {
			isa = PBXProject;
			attributes = {
				BuildIndependentTargetsInParallel = 1;
				LastSwiftUpdateCheck = 1340;
				LastUpgradeCheck = 1340;
				TargetAttributes = {
					6F183D9D28EBD34F00A064C2 = {
						CreatedOnToolsVersion = 13.4.1;
					};
				};
			};
			buildConfigurationList = 6F183D9928EBD34F00A064C2 /* Build configuration list for PBXProject "Demo" */;
			compatibilityVersion = "Xcode 13.0";
			developmentRegion = en;
			hasScannedForEncodings = 0;
			knownRegions = (
				en,
				Base,
			);
			mainGroup = 6F183D9528EBD34F00A064C2;
			productRefGroup = 6F183D9F28EBD34F00A064C2 /* Products */;
			projectDirPath = "";
			projectRoot = "";
			targets = (
				6F183D9D28EBD34F00A064C2 /* Demo */,
			);
		};
/* End PBXProject section */

/* Begin PBXResourcesBuildPhase section */
		6F183D9C28EBD34F00A064C2 /* Resources */ = {
			isa = PBXResourcesBuildPhase;
			buildActionMask = 2147483647;
			files = (
				6F183DAE28EBD35400A064C2 /* LaunchScreen.storyboard in Resources */,
				6F183DAB28EBD35400A064C2 /* Assets.xcassets in Resources */,
				6FBEE516290B82CD0089406C /* MenuCollectionViewCell.xib in Resources */,
				6FBEE526290B8A580089406C /* FirstCollectionViewCell.xib in Resources */,
				6FBEE511290B7C0C0089406C /* MenuTableViewCell.xib in Resources */,
				6F183DA928EBD34F00A064C2 /* Main.storyboard in Resources */,
				6FBEE520290B87D40089406C /* Collection1TableViewCell.xib in Resources */,
				6FBEE534290B8F7C0089406C /* SecondCollectionViewCell.xib in Resources */,
				6FBEE53D290B91230089406C /* FeedTableViewCell.xib in Resources */,
				6FBEE51A290B84E70089406C /* SearchTableViewCell.xib in Resources */,
				6FBEE530290B8E3D0089406C /* Collection2TableViewCell.xib in Resources */,
				6FBEE52B290B8CC20089406C /* FeedLabelTableViewCell.xib in Resources */,
			);
			runOnlyForDeploymentPostprocessing = 0;
		};
/* End PBXResourcesBuildPhase section */

/* Begin PBXSourcesBuildPhase section */
		6F183D9A28EBD34F00A064C2 /* Sources */ = {
			isa = PBXSourcesBuildPhase;
			buildActionMask = 2147483647;
			files = (
				6FBEE525290B8A580089406C /* FirstCollectionViewCell.swift in Sources */,
				6FBEE52A290B8CC20089406C /* FeedLabelTableViewCell.swift in Sources */,
				6FBEE510290B7C0C0089406C /* MenuTableViewCell.swift in Sources */,
				6F183DB628EC07FA00A064C2 /* FeedItem.swift in Sources */,
				6FBEE52F290B8E3D0089406C /* Collection2TableViewCell.swift in Sources */,
				6FBEE519290B84E70089406C /* SearchTableViewCell.swift in Sources */,
				6FBEE51F290B87D40089406C /* Collection1TableViewCell.swift in Sources */,
				6FBEE515290B82CD0089406C /* MenuCollectionViewCell.swift in Sources */,
				6F20F63E2902A3D100D1029E /* FirstCollectionView.swift in Sources */,
				6F3036052907CA4C0011E385 /* HomeTableView.swift in Sources */,
				6F3035E22907B7FE0011E385 /* SecondCollectionView.swift in Sources */,
				6F183DCE28F554BD00A064C2 /* MyTabBarController.swift in Sources */,
				6FBEE533290B8F7C0089406C /* SecondCollectionViewCell.swift in Sources */,
				6FA68C2C2902398400133FF1 /* FeedTableView.swift in Sources */,
				6F183DA628EBD34F00A064C2 /* ViewController.swift in Sources */,
				6FBEE53C290B91230089406C /* FeedTableViewCell.swift in Sources */,
				6F183DA228EBD34F00A064C2 /* AppDelegate.swift in Sources */,
				6F183DCC28F53FF800A064C2 /* LoginViewController.swift in Sources */,
				6F183DA428EBD34F00A064C2 /* SceneDelegate.swift in Sources */,
				6FBEE522290B88CD0089406C /* MenuCollectionView.swift in Sources */,
			);
			runOnlyForDeploymentPostprocessing = 0;
		};
/* End PBXSourcesBuildPhase section */

/* Begin PBXVariantGroup section */
		6F183DA728EBD34F00A064C2 /* Main.storyboard */ = {
			isa = PBXVariantGroup;
			children = (
				6F183DA828EBD34F00A064C2 /* Base */,
			);
			name = Main.storyboard;
			sourceTree = "<group>";
		};
		6F183DAC28EBD35400A064C2 /* LaunchScreen.storyboard */ = {
			isa = PBXVariantGroup;
			children = (
				6F183DAD28EBD35400A064C2 /* Base */,
			);
			name = LaunchScreen.storyboard;
			sourceTree = "<group>";
		};
/* End PBXVariantGroup section */

/* Begin XCBuildConfiguration section */
		6F183DB028EBD35400A064C2 /* Debug */ = {
			isa = XCBuildConfiguration;
			buildSettings = {
				ALWAYS_SEARCH_USER_PATHS = NO;
				CLANG_ANALYZER_NONNULL = YES;
				CLANG_ANALYZER_NUMBER_OBJECT_CONVERSION = YES_AGGRESSIVE;
				CLANG_CXX_LANGUAGE_STANDARD = "gnu++17";
				CLANG_ENABLE_MODULES = YES;
				CLANG_ENABLE_OBJC_ARC = YES;
				CLANG_ENABLE_OBJC_WEAK = YES;
				CLANG_WARN_BLOCK_CAPTURE_AUTORELEASING = YES;
				CLANG_WARN_BOOL_CONVERSION = YES;
				CLANG_WARN_COMMA = YES;
				CLANG_WARN_CONSTANT_CONVERSION = YES;
				CLANG_WARN_DEPRECATED_OBJC_IMPLEMENTATIONS = YES;
				CLANG_WARN_DIRECT_OBJC_ISA_USAGE = YES_ERROR;
				CLANG_WARN_DOCUMENTATION_COMMENTS = YES;
				CLANG_WARN_EMPTY_BODY = YES;
				CLANG_WARN_ENUM_CONVERSION = YES;
				CLANG_WARN_INFINITE_RECURSION = YES;
				CLANG_WARN_INT_CONVERSION = YES;
				CLANG_WARN_NON_LITERAL_NULL_CONVERSION = YES;
				CLANG_WARN_OBJC_IMPLICIT_RETAIN_SELF = YES;
				CLANG_WARN_OBJC_LITERAL_CONVERSION = YES;
				CLANG_WARN_OBJC_ROOT_CLASS = YES_ERROR;
				CLANG_WARN_QUOTED_INCLUDE_IN_FRAMEWORK_HEADER = YES;
				CLANG_WARN_RANGE_LOOP_ANALYSIS = YES;
				CLANG_WARN_STRICT_PROTOTYPES = YES;
				CLANG_WARN_SUSPICIOUS_MOVE = YES;
				CLANG_WARN_UNGUARDED_AVAILABILITY = YES_AGGRESSIVE;
				CLANG_WARN_UNREACHABLE_CODE = YES;
				CLANG_WARN__DUPLICATE_METHOD_MATCH = YES;
				COPY_PHASE_STRIP = NO;
				DEBUG_INFORMATION_FORMAT = dwarf;
				ENABLE_STRICT_OBJC_MSGSEND = YES;
				ENABLE_TESTABILITY = YES;
				GCC_C_LANGUAGE_STANDARD = gnu11;
				GCC_DYNAMIC_NO_PIC = NO;
				GCC_NO_COMMON_BLOCKS = YES;
				GCC_OPTIMIZATION_LEVEL = 0;
				GCC_PREPROCESSOR_DEFINITIONS = (
					"DEBUG=1",
					"$(inherited)",
				);
				GCC_WARN_64_TO_32_BIT_CONVERSION = YES;
				GCC_WARN_ABOUT_RETURN_TYPE = YES_ERROR;
				GCC_WARN_UNDECLARED_SELECTOR = YES;
				GCC_WARN_UNINITIALIZED_AUTOS = YES_AGGRESSIVE;
				GCC_WARN_UNUSED_FUNCTION = YES;
				GCC_WARN_UNUSED_VARIABLE = YES;
				IPHONEOS_DEPLOYMENT_TARGET = 15.5;
				MTL_ENABLE_DEBUG_INFO = INCLUDE_SOURCE;
				MTL_FAST_MATH = YES;
				ONLY_ACTIVE_ARCH = YES;
				SDKROOT = iphoneos;
				SWIFT_ACTIVE_COMPILATION_CONDITIONS = DEBUG;
				SWIFT_OPTIMIZATION_LEVEL = "-Onone";
			};
			name = Debug;
		};
		6F183DB128EBD35400A064C2 /* Release */ = {
			isa = XCBuildConfiguration;
			buildSettings = {
				ALWAYS_SEARCH_USER_PATHS = NO;
				CLANG_ANALYZER_NONNULL = YES;
				CLANG_ANALYZER_NUMBER_OBJECT_CONVERSION = YES_AGGRESSIVE;
				CLANG_CXX_LANGUAGE_STANDARD = "gnu++17";
				CLANG_ENABLE_MODULES = YES;
				CLANG_ENABLE_OBJC_ARC = YES;
				CLANG_ENABLE_OBJC_WEAK = YES;
				CLANG_WARN_BLOCK_CAPTURE_AUTORELEASING = YES;
				CLANG_WARN_BOOL_CONVERSION = YES;
				CLANG_WARN_COMMA = YES;
				CLANG_WARN_CONSTANT_CONVERSION = YES;
				CLANG_WARN_DEPRECATED_OBJC_IMPLEMENTATIONS = YES;
				CLANG_WARN_DIRECT_OBJC_ISA_USAGE = YES_ERROR;
				CLANG_WARN_DOCUMENTATION_COMMENTS = YES;
				CLANG_WARN_EMPTY_BODY = YES;
				CLANG_WARN_ENUM_CONVERSION = YES;
				CLANG_WARN_INFINITE_RECURSION = YES;
				CLANG_WARN_INT_CONVERSION = YES;
				CLANG_WARN_NON_LITERAL_NULL_CONVERSION = YES;
				CLANG_WARN_OBJC_IMPLICIT_RETAIN_SELF = YES;
				CLANG_WARN_OBJC_LITERAL_CONVERSION = YES;
				CLANG_WARN_OBJC_ROOT_CLASS = YES_ERROR;
				CLANG_WARN_QUOTED_INCLUDE_IN_FRAMEWORK_HEADER = YES;
				CLANG_WARN_RANGE_LOOP_ANALYSIS = YES;
				CLANG_WARN_STRICT_PROTOTYPES = YES;
				CLANG_WARN_SUSPICIOUS_MOVE = YES;
				CLANG_WARN_UNGUARDED_AVAILABILITY = YES_AGGRESSIVE;
				CLANG_WARN_UNREACHABLE_CODE = YES;
				CLANG_WARN__DUPLICATE_METHOD_MATCH = YES;
				COPY_PHASE_STRIP = NO;
				DEBUG_INFORMATION_FORMAT = "dwarf-with-dsym";
				ENABLE_NS_ASSERTIONS = NO;
				ENABLE_STRICT_OBJC_MSGSEND = YES;
				GCC_C_LANGUAGE_STANDARD = gnu11;
				GCC_NO_COMMON_BLOCKS = YES;
				GCC_WARN_64_TO_32_BIT_CONVERSION = YES;
				GCC_WARN_ABOUT_RETURN_TYPE = YES_ERROR;
				GCC_WARN_UNDECLARED_SELECTOR = YES;
				GCC_WARN_UNINITIALIZED_AUTOS = YES_AGGRESSIVE;
				GCC_WARN_UNUSED_FUNCTION = YES;
				GCC_WARN_UNUSED_VARIABLE = YES;
				IPHONEOS_DEPLOYMENT_TARGET = 15.5;
				MTL_ENABLE_DEBUG_INFO = NO;
				MTL_FAST_MATH = YES;
				SDKROOT = iphoneos;
				SWIFT_COMPILATION_MODE = wholemodule;
				SWIFT_OPTIMIZATION_LEVEL = "-O";
				VALIDATE_PRODUCT = YES;
			};
			name = Release;
		};
		6F183DB328EBD35400A064C2 /* Debug */ = {
			isa = XCBuildConfiguration;
			buildSettings = {
				ASSETCATALOG_COMPILER_APPICON_NAME = AppIcon;
				ASSETCATALOG_COMPILER_GLOBAL_ACCENT_COLOR_NAME = AccentColor;
				CODE_SIGN_STYLE = Automatic;
				CURRENT_PROJECT_VERSION = 1;
				GENERATE_INFOPLIST_FILE = YES;
				INFOPLIST_FILE = Demo/Info.plist;
				INFOPLIST_KEY_UIApplicationSupportsIndirectInputEvents = YES;
				INFOPLIST_KEY_UILaunchStoryboardName = LaunchScreen;
				INFOPLIST_KEY_UIMainStoryboardFile = Main;
				INFOPLIST_KEY_UISupportedInterfaceOrientations = UIInterfaceOrientationPortrait;
				INFOPLIST_KEY_UISupportedInterfaceOrientations_iPad = "UIInterfaceOrientationPortrait UIInterfaceOrientationPortraitUpsideDown UIInterfaceOrientationLandscapeLeft UIInterfaceOrientationLandscapeRight";
				INFOPLIST_KEY_UISupportedInterfaceOrientations_iPhone = "UIInterfaceOrientationPortrait UIInterfaceOrientationLandscapeLeft UIInterfaceOrientationLandscapeRight";
				LD_RUNPATH_SEARCH_PATHS = (
					"$(inherited)",
					"@executable_path/Frameworks",
				);
				MARKETING_VERSION = 1.0;
				PRODUCT_BUNDLE_IDENTIFIER = tranviet.Demo;
				PRODUCT_NAME = "$(TARGET_NAME)";
				SWIFT_EMIT_LOC_STRINGS = YES;
				SWIFT_VERSION = 5.0;
				TARGETED_DEVICE_FAMILY = "1,2";
			};
			name = Debug;
		};
		6F183DB428EBD35400A064C2 /* Release */ = {
			isa = XCBuildConfiguration;
			buildSettings = {
				ASSETCATALOG_COMPILER_APPICON_NAME = AppIcon;
				ASSETCATALOG_COMPILER_GLOBAL_ACCENT_COLOR_NAME = AccentColor;
				CODE_SIGN_STYLE = Automatic;
				CURRENT_PROJECT_VERSION = 1;
				GENERATE_INFOPLIST_FILE = YES;
				INFOPLIST_FILE = Demo/Info.plist;
				INFOPLIST_KEY_UIApplicationSupportsIndirectInputEvents = YES;
				INFOPLIST_KEY_UILaunchStoryboardName = LaunchScreen;
				INFOPLIST_KEY_UIMainStoryboardFile = Main;
				INFOPLIST_KEY_UISupportedInterfaceOrientations = UIInterfaceOrientationPortrait;
				INFOPLIST_KEY_UISupportedInterfaceOrientations_iPad = "UIInterfaceOrientationPortrait UIInterfaceOrientationPortraitUpsideDown UIInterfaceOrientationLandscapeLeft UIInterfaceOrientationLandscapeRight";
				INFOPLIST_KEY_UISupportedInterfaceOrientations_iPhone = "UIInterfaceOrientationPortrait UIInterfaceOrientationLandscapeLeft UIInterfaceOrientationLandscapeRight";
				LD_RUNPATH_SEARCH_PATHS = (
					"$(inherited)",
					"@executable_path/Frameworks",
				);
				MARKETING_VERSION = 1.0;
				PRODUCT_BUNDLE_IDENTIFIER = tranviet.Demo;
				PRODUCT_NAME = "$(TARGET_NAME)";
				SWIFT_EMIT_LOC_STRINGS = YES;
				SWIFT_VERSION = 5.0;
				TARGETED_DEVICE_FAMILY = "1,2";
			};
			name = Release;
		};
/* End XCBuildConfiguration section */

/* Begin XCConfigurationList section */
		6F183D9928EBD34F00A064C2 /* Build configuration list for PBXProject "Demo" */ = {
			isa = XCConfigurationList;
			buildConfigurations = (
				6F183DB028EBD35400A064C2 /* Debug */,
				6F183DB128EBD35400A064C2 /* Release */,
			);
			defaultConfigurationIsVisible = 0;
			defaultConfigurationName = Release;
		};
		6F183DB228EBD35400A064C2 /* Build configuration list for PBXNativeTarget "Demo" */ = {
			isa = XCConfigurationList;
			buildConfigurations = (
				6F183DB328EBD35400A064C2 /* Debug */,
				6F183DB428EBD35400A064C2 /* Release */,
			);
			defaultConfigurationIsVisible = 0;
			defaultConfigurationName = Release;
		};
/* End XCConfigurationList section */
	};
	rootObject = 6F183D9628EBD34F00A064C2 /* Project object */;
}
